
Microsoft Visual Studio Solution File, Format Version 12.00
# Visual Studio 14
VisualStudioVersion = 14.0.23107.0
MinimumVisualStudioVersion = 10.0.40219.1
Project("{8BC9CEB8-8B4A-11D0-8D11-00A0C91BC942}") = "linuxProject", "linuxProject\linuxProject.vcxproj", "{E77B126C-AFCA-4D9A-BD2D-0E283072E694}"
EndProject
Global
	GlobalSection(SolutionConfigurationPlatforms) = preSolution
		Debug|ARM = Debug|ARM
		Debug|x64 = Debug|x64
		Debug|x86 = Debug|x86
		Release|ARM = Release|ARM
		Release|x64 = Release|x64
		Release|x86 = Release|x86
	EndGlobalSection
	GlobalSection(ProjectConfigurationPlatforms) = postSolution
		{E77B126C-AFCA-4D9A-BD2D-0E283072E694}.Debug|ARM.ActiveCfg = Debug|ARM
		{E77B126C-AFCA-4D9A-BD2D-0E283072E694}.Debug|ARM.Build.0 = Debug|ARM
		{E77B126C-AFCA-4D9A-BD2D-0E283072E694}.Debug|x64.ActiveCfg = Debug|x64
		{E77B126C-AFCA-4D9A-BD2D-0E283072E694}.Debug|x64.Build.0 = Debug|x64
		{E77B126C-AFCA-4D9A-BD2D-0E283072E694}.Debug|x86.ActiveCfg = Debug|x86
		{E77B126C-AFCA-4D9A-BD2D-0E283072E694}.Debug|x86.Build.0 = Debug|x86
		{E77B126C-AFCA-4D9A-BD2D-0E283072E694}.Release|ARM.ActiveCfg = Release|ARM
		{E77B126C-AFCA-4D9A-BD2D-0E283072E694}.Release|ARM.Build.0 = Release|ARM
		{E77B126C-AFCA-4D9A-BD2D-0E283072E694}.Release|x64.ActiveCfg = Release|x64
		{E77B126C-AFCA-4D9A-BD2D-0E283072E694}.Release|x64.Build.0 = Release|x64
		{E77B126C-AFCA-4D9A-BD2D-0E283072E694}.Release|x86.ActiveCfg = Release|x86
		{E77B126C-AFCA-4D9A-BD2D-0E283072E694}.Release|x86.Build.0 = Release|x86
	EndGlobalSection
	GlobalSection(SolutionProperties) = preSolution
		HideSolutionNode = FALSE
	EndGlobalSection
EndGlobal
